
Microsoft Visual Studio Solution File, Format Version 12.00
# Visual Studio Version 17
VisualStudioVersion = 17.4.33205.214
MinimumVisualStudioVersion = 10.0.40219.1
Project("{FAE04EC0-301F-11D3-BF4B-00C04F79EFBC}") = "WinFormsApp11", "WinFormsApp11\WinFormsApp11.csproj", "{E69CBF3E-832C-4E27-878D-7FA579583A1C}"
EndProject
Global
	GlobalSection(SolutionConfigurationPlatforms) = preSolution
		Debug|Any CPU = Debug|Any CPU
		Release|Any CPU = Release|Any CPU
	EndGlobalSection
	GlobalSection(ProjectConfigurationPlatforms) = postSolution
		{E69CBF3E-832C-4E27-878D-7FA579583A1C}.Debug|Any CPU.ActiveCfg = Debug|Any CPU
		{E69CBF3E-832C-4E27-878D-7FA579583A1C}.Debug|Any CPU.Build.0 = Debug|Any CPU
		{E69CBF3E-832C-4E27-878D-7FA579583A1C}.Release|Any CPU.ActiveCfg = Release|Any CPU
		{E69CBF3E-832C-4E27-878D-7FA579583A1C}.Release|Any CPU.Build.0 = Release|Any CPU
	EndGlobalSection
	GlobalSection(SolutionProperties) = preSolution
		HideSolutionNode = FALSE
	EndGlobalSection
	GlobalSection(ExtensibilityGlobals) = postSolution
		SolutionGuid = {A6F0F19A-6913-438B-9929-5E5CA4E4A0E1}
	EndGlobalSection
EndGlobal
